
Microsoft Visual Studio Solution File, Format Version 12.00
# Visual Studio 2012
Project("{FAE04EC0-301F-11D3-BF4B-00C04F79EFBC}") = "palindrome", "palindrome\palindrome.csproj", "{66808B59-E47C-4EB1-B0DC-9FA09CABF389}"
EndProject
Project("{FAE04EC0-301F-11D3-BF4B-00C04F79EFBC}") = "palindrome.test", "palindrome.test\palindrome.test.csproj", "{BDD0928F-1866-4196-B61F-25C8EBC39E3B}"
EndProject
Global
	GlobalSection(SolutionConfigurationPlatforms) = preSolution
		Debug|Any CPU = Debug|Any CPU
		Release|Any CPU = Release|Any CPU
	EndGlobalSection
	GlobalSection(ProjectConfigurationPlatforms) = postSolution
		{66808B59-E47C-4EB1-B0DC-9FA09CABF389}.Debug|Any CPU.ActiveCfg = Debug|Any CPU
		{66808B59-E47C-4EB1-B0DC-9FA09CABF389}.Debug|Any CPU.Build.0 = Debug|Any CPU
		{66808B59-E47C-4EB1-B0DC-9FA09CABF389}.Release|Any CPU.ActiveCfg = Release|Any CPU
		{66808B59-E47C-4EB1-B0DC-9FA09CABF389}.Release|Any CPU.Build.0 = Release|Any CPU
		{BDD0928F-1866-4196-B61F-25C8EBC39E3B}.Debug|Any CPU.ActiveCfg = Debug|Any CPU
		{BDD0928F-1866-4196-B61F-25C8EBC39E3B}.Debug|Any CPU.Build.0 = Debug|Any CPU
		{BDD0928F-1866-4196-B61F-25C8EBC39E3B}.Release|Any CPU.ActiveCfg = Release|Any CPU
		{BDD0928F-1866-4196-B61F-25C8EBC39E3B}.Release|Any CPU.Build.0 = Release|Any CPU
	EndGlobalSection
EndGlobal
